{
  "nodes": {
    "nix-darwin": {
      "inputs": {
        "nixpkgs": [
          "nixpkgs"
        ]
      },
      "locked": {
        "lastModified": 1739548217,
        "narHash": "sha256-rlv64erpr36xdmMDPgf9rhRXBYZ0BZb5nrw2ZPSk1sQ=",
        "owner": "LnL7",
        "repo": "nix-darwin",
        "rev": "678b22642abde2ee77ae2218ab41d802f010e5b0",
        "type": "github"
      },
      "original": {
        "owner": "LnL7",
        "repo": "nix-darwin",
        "type": "github"
      }
    },
    "nixpkgs": {
      "locked": {
        "lastModified": 1739834344,
        "narHash": "sha256-PUAcU3YlKNFYrBBHkqshO4wRfMunzhMTEIH1dyhjTtk=",
        "owner": "NixOS",
        "repo": "nixpkgs",
        "rev": "f0295845e58ada369322524631821b01c0db13a7",
        "type": "github"
      },
      "original": {
        "owner": "NixOS",
        "ref": "nixpkgs-unstable",
        "repo": "nixpkgs",
        "type": "github"
      }
    },
    "root": {
      "inputs": {
        "nix-darwin": "nix-darwin",
        "nixpkgs": "nixpkgs"
      }
    }
  },
  "root": "root",
  "version": 7
}
