{
  "nodes": {
    "nix-darwin": {
      "inputs": {
        "nixpkgs": [
          "nixpkgs"
        ]
      },
      "locked": {
        "lastModified": 1720469887,
        "narHash": "sha256-BwPsGQ/EMqCreUc5j9Efj+wx13AjREtuHhbyHZygcE4=",
        "owner": "LnL7",
        "repo": "nix-darwin",
        "rev": "fabc653517106127e2ed435fb52e7e8854354428",
        "type": "github"
      },
      "original": {
        "owner": "LnL7",
        "repo": "nix-darwin",
        "type": "github"
      }
    },
    "nixpkgs": {
      "locked": {
        "lastModified": 1720492477,
        "narHash": "sha256-PV6LKJpj43tuKAMEfmXiKZjlOW1IqZORUJ8WYcdLtGE=",
        "owner": "NixOS",
        "repo": "nixpkgs",
        "rev": "64f145f456b7a3953f191cad9e257cd88412044e",
        "type": "github"
      },
      "original": {
        "owner": "NixOS",
        "ref": "nixpkgs-24.05-darwin",
        "repo": "nixpkgs",
        "type": "github"
      }
    },
    "root": {
      "inputs": {
        "nix-darwin": "nix-darwin",
        "nixpkgs": "nixpkgs"
      }
    }
  },
  "root": "root",
  "version": 7
}
